{
    "_readme": [
        "This file locks the dependencies of your project to a known state",
        "Read more about it at https://getcomposer.org/doc/01-basic-usage.md#installing-dependencies",
        "This file is @generated automatically"
    ],
    "content-hash": "ecf351d9a1b9027ce66168455ea8ad60",
    "packages": [
        {
            "name": "matthiasmullie/minify",
            "version": "1.3.61",
            "source": {
                "type": "git",
                "url": "https://github.com/matthiasmullie/minify.git",
                "reference": "d5acb8ce5b6acb7d11bafe97cecc533f6e4fd751"
            },
            "dist": {
                "type": "zip",
                "url": "https://api.github.com/repos/matthiasmullie/minify/zipball/d5acb8ce5b6acb7d11bafe97cecc533f6e4fd751",
                "reference": "d5acb8ce5b6acb7d11bafe97cecc533f6e4fd751",
                "shasum": ""
            },
            "require": {
                "ext-pcre": "*",
                "matthiasmullie/path-converter": "~1.1",
                "php": ">=5.3.0"
            },
            "require-dev": {
                "friendsofphp/php-cs-fixer": "~2.0",
                "matthiasmullie/scrapbook": "~1.0",
                "phpunit/phpunit": "~4.8"
            },
            "suggest": {
                "psr/cache-implementation": "Cache implementation to use with Minify::cache"
            },
            "bin": [
                "bin/minifycss",
                "bin/minifyjs"
            ],
            "type": "library",
            "autoload": {
                "psr-4": {
                    "MatthiasMullie\\Minify\\": "src/"
                }
            },
            "notification-url": "https://packagist.org/downloads/",
            "license": [
                "MIT"
            ],
            "authors": [
                {
                    "name": "Matthias Mullie",
                    "email": "minify@mullie.eu",
                    "homepage": "http://www.mullie.eu",
                    "role": "Developer"
                }
            ],
            "description": "CSS & JavaScript minifier, in PHP. Removes whitespace, strips comments, combines files (incl. @import statements and small assets in CSS files), and optimizes/shortens a few common programming patterns.",
            "homepage": "http://www.minifier.org",
            "keywords": [
                "JS",
                "css",
                "javascript",
                "minifier",
                "minify"
            ],
            "time": "2018-11-26T23:10:39+00:00"
        },
        {
            "name": "matthiasmullie/path-converter",
            "version": "1.1.2",
            "source": {
                "type": "git",
                "url": "https://github.com/matthiasmullie/path-converter.git",
                "reference": "5e4b121c8b9f97c80835c1d878b0812ba1d607c9"
            },
            "dist": {
                "type": "zip",
                "url": "https://api.github.com/repos/matthiasmullie/path-converter/zipball/5e4b121c8b9f97c80835c1d878b0812ba1d607c9",
                "reference": "5e4b121c8b9f97c80835c1d878b0812ba1d607c9",
                "shasum": ""
            },
            "require": {
                "ext-pcre": "*",
                "php": ">=5.3.0"
            },
            "require-dev": {
                "phpunit/phpunit": "~4.8"
            },
            "type": "library",
            "autoload": {
                "psr-4": {
                    "MatthiasMullie\\PathConverter\\": "src/"
                }
            },
            "notification-url": "https://packagist.org/downloads/",
            "license": [
                "MIT"
            ],
            "authors": [
                {
                    "name": "Matthias Mullie",
                    "email": "pathconverter@mullie.eu",
                    "homepage": "http://www.mullie.eu",
                    "role": "Developer"
                }
            ],
            "description": "Relative path converter",
            "homepage": "http://github.com/matthiasmullie/path-converter",
            "keywords": [
                "converter",
                "path",
                "paths",
                "relative"
            ],
            "time": "2018-10-25T15:19:41+00:00"
        },
        {
            "name": "wp-content-framework/admin",
            "version": "v0.0.3",
            "source": {
                "type": "git",
                "url": "https://github.com/wp-content-framework/admin.git",
                "reference": "b2f1d775c8885090f579723648404ca83986fa37"
            },
            "dist": {
                "type": "zip",
                "url": "https://api.github.com/repos/wp-content-framework/admin/zipball/b2f1d775c8885090f579723648404ca83986fa37",
                "reference": "b2f1d775c8885090f579723648404ca83986fa37",
                "shasum": ""
            },
            "require": {
                "php": ">=5.6.0",
                "wp-content-framework/controller": "~0.0.1",
                "wp-content-framework/core": "~0.0.1"
            },
            "require-dev": {
                "phake/phake": "2.*",
                "phpunit/phpunit": "4.*"
            },
            "type": "library",
            "notification-url": "https://packagist.org/downloads/",
            "license": [
                "GPL-2.0+"
            ],
            "authors": [
                {
                    "name": "technote",
                    "email": "technote.space@gmail.com",
                    "homepage": "https://technote.space"
                }
            ],
            "description": "Wordpress content framework",
            "homepage": "https://github.com/wp-content-framework",
            "keywords": [
                "framework",
                "wordpress"
            ],
            "time": "2019-01-25T07:03:47+00:00"
        },
        {
            "name": "wp-content-framework/common",
            "version": "v0.0.4",
            "source": {
                "type": "git",
                "url": "https://github.com/wp-content-framework/common.git",
                "reference": "03c5362fb9bfe5591cda95cdeabfc42be334b2ae"
            },
            "dist": {
                "type": "zip",
                "url": "https://api.github.com/repos/wp-content-framework/common/zipball/03c5362fb9bfe5591cda95cdeabfc42be334b2ae",
                "reference": "03c5362fb9bfe5591cda95cdeabfc42be334b2ae",
                "shasum": ""
            },
            "require": {
                "php": ">=5.6.0",
                "wp-content-framework/core": "~0.0.1",
                "wp-content-framework/presenter": "~0.0.1",
                "yahnis-elsts/plugin-update-checker": "^4.4"
            },
            "require-dev": {
                "phake/phake": "2.*",
                "phpunit/phpunit": "4.*"
            },
            "type": "library",
            "notification-url": "https://packagist.org/downloads/",
            "license": [
                "GPL-2.0+"
            ],
            "authors": [
                {
                    "name": "technote",
                    "email": "technote.space@gmail.com",
                    "homepage": "https://technote.space"
                }
            ],
            "description": "Wordpress content framework",
            "homepage": "https://github.com/wp-content-framework",
            "keywords": [
                "framework",
                "wordpress"
            ],
            "time": "2019-01-25T19:32:35+00:00"
        },
        {
            "name": "wp-content-framework/controller",
            "version": "v0.0.3",
            "source": {
                "type": "git",
                "url": "https://github.com/wp-content-framework/controller.git",
                "reference": "541e7efe4834f5370236f20c840e32bf000f9018"
            },
            "dist": {
                "type": "zip",
                "url": "https://api.github.com/repos/wp-content-framework/controller/zipball/541e7efe4834f5370236f20c840e32bf000f9018",
                "reference": "541e7efe4834f5370236f20c840e32bf000f9018",
                "shasum": ""
            },
            "require": {
                "php": ">=5.6.0",
                "wp-content-framework/core": "~0.0.1"
            },
            "require-dev": {
                "phake/phake": "2.*",
                "phpunit/phpunit": "4.*"
            },
            "type": "library",
            "notification-url": "https://packagist.org/downloads/",
            "license": [
                "GPL-2.0+"
            ],
            "authors": [
                {
                    "name": "technote",
                    "email": "technote.space@gmail.com",
                    "homepage": "https://technote.space"
                }
            ],
            "description": "Wordpress content framework",
            "homepage": "https://github.com/wp-content-framework",
            "keywords": [
                "framework",
                "wordpress"
            ],
            "time": "2019-01-25T07:10:57+00:00"
        },
        {
            "name": "wp-content-framework/core",
            "version": "v0.0.6",
            "source": {
                "type": "git",
                "url": "https://github.com/wp-content-framework/core.git",
                "reference": "ad40d77de6fa60ce7dc73818cd2eda05571ebb1a"
            },
            "dist": {
                "type": "zip",
                "url": "https://api.github.com/repos/wp-content-framework/core/zipball/ad40d77de6fa60ce7dc73818cd2eda05571ebb1a",
                "reference": "ad40d77de6fa60ce7dc73818cd2eda05571ebb1a",
                "shasum": ""
            },
            "require": {
                "php": ">=5.6.0",
                "wp-content-framework/common": "~0.0.1"
            },
            "require-dev": {
                "phake/phake": "2.*",
                "phpunit/phpunit": "4.*"
            },
            "type": "library",
            "autoload": {
                "files": [
                    "autoload.php"
                ]
            },
            "notification-url": "https://packagist.org/downloads/",
            "license": [
                "GPL-2.0+"
            ],
            "authors": [
                {
                    "name": "technote",
                    "email": "technote.space@gmail.com",
                    "homepage": "https://technote.space"
                }
            ],
            "description": "Wordpress content framework",
            "homepage": "https://github.com/wp-content-framework",
            "keywords": [
                "framework",
                "wordpress"
            ],
            "time": "2019-01-25T06:25:32+00:00"
        },
        {
            "name": "wp-content-framework/cron",
            "version": "v0.0.3",
            "source": {
                "type": "git",
                "url": "https://github.com/wp-content-framework/cron.git",
                "reference": "a56cae7e38448d4f2513a9b896dae6cfdbcbdc3c"
            },
            "dist": {
                "type": "zip",
                "url": "https://api.github.com/repos/wp-content-framework/cron/zipball/a56cae7e38448d4f2513a9b896dae6cfdbcbdc3c",
                "reference": "a56cae7e38448d4f2513a9b896dae6cfdbcbdc3c",
                "shasum": ""
            },
            "require": {
                "php": ">=5.6.0",
                "wp-content-framework/core": "~0.0.1"
            },
            "require-dev": {
                "phake/phake": "2.*",
                "phpunit/phpunit": "4.*"
            },
            "type": "library",
            "notification-url": "https://packagist.org/downloads/",
            "license": [
                "GPL-2.0+"
            ],
            "authors": [
                {
                    "name": "technote",
                    "email": "technote.space@gmail.com",
                    "homepage": "https://technote.space"
                }
            ],
            "description": "Wordpress content framework",
            "homepage": "https://github.com/wp-content-framework",
            "keywords": [
                "framework",
                "wordpress"
            ],
            "time": "2019-01-25T07:11:22+00:00"
        },
        {
            "name": "wp-content-framework/db",
            "version": "v0.0.3",
            "source": {
                "type": "git",
                "url": "https://github.com/wp-content-framework/db.git",
                "reference": "b153a451d2c7c7e05a8c37155977aa8fc99cbbd6"
            },
            "dist": {
                "type": "zip",
                "url": "https://api.github.com/repos/wp-content-framework/db/zipball/b153a451d2c7c7e05a8c37155977aa8fc99cbbd6",
                "reference": "b153a451d2c7c7e05a8c37155977aa8fc99cbbd6",
                "shasum": ""
            },
            "require": {
                "php": ">=5.6.0",
                "wp-content-framework/core": "~0.0.1"
            },
            "require-dev": {
                "phake/phake": "2.*",
                "phpunit/phpunit": "4.*"
            },
            "type": "library",
            "notification-url": "https://packagist.org/downloads/",
            "license": [
                "GPL-2.0+"
            ],
            "authors": [
                {
                    "name": "technote",
                    "email": "technote.space@gmail.com",
                    "homepage": "https://technote.space"
                }
            ],
            "description": "Wordpress content framework",
            "homepage": "https://github.com/wp-content-framework",
            "keywords": [
                "framework",
                "wordpress"
            ],
            "time": "2019-01-25T07:13:12+00:00"
        },
        {
            "name": "wp-content-framework/log",
            "version": "v0.0.5",
            "source": {
                "type": "git",
                "url": "https://github.com/wp-content-framework/log.git",
                "reference": "13b6748828cbfebdaa405e1799dce83f100a1670"
            },
            "dist": {
                "type": "zip",
                "url": "https://api.github.com/repos/wp-content-framework/log/zipball/13b6748828cbfebdaa405e1799dce83f100a1670",
                "reference": "13b6748828cbfebdaa405e1799dce83f100a1670",
                "shasum": ""
            },
            "require": {
                "php": ">=5.6.0",
                "wp-content-framework/admin": "~0.0.1",
                "wp-content-framework/core": "~0.0.1",
                "wp-content-framework/cron": "~0.0.1",
                "wp-content-framework/db": "~0.0.1"
            },
            "require-dev": {
                "phake/phake": "2.*",
                "phpunit/phpunit": "4.*"
            },
            "type": "library",
            "notification-url": "https://packagist.org/downloads/",
            "license": [
                "GPL-2.0+"
            ],
            "authors": [
                {
                    "name": "technote",
                    "email": "technote.space@gmail.com",
                    "homepage": "https://technote.space"
                }
            ],
            "description": "Wordpress content framework",
            "homepage": "https://github.com/wp-content-framework",
            "keywords": [
                "framework",
                "wordpress"
            ],
            "time": "2019-01-25T20:03:18+00:00"
        },
        {
            "name": "wp-content-framework/mail",
            "version": "v0.0.3",
            "source": {
                "type": "git",
                "url": "https://github.com/wp-content-framework/mail.git",
                "reference": "93c990534aa49c239dd930b39e235745da68fd0c"
            },
            "dist": {
                "type": "zip",
                "url": "https://api.github.com/repos/wp-content-framework/mail/zipball/93c990534aa49c239dd930b39e235745da68fd0c",
                "reference": "93c990534aa49c239dd930b39e235745da68fd0c",
                "shasum": ""
            },
            "require": {
                "php": ">=5.6.0",
                "wp-content-framework/core": "~0.0.1"
            },
            "require-dev": {
                "phake/phake": "2.*",
                "phpunit/phpunit": "4.*"
            },
            "type": "library",
            "notification-url": "https://packagist.org/downloads/",
            "license": [
                "GPL-2.0+"
            ],
            "authors": [
                {
                    "name": "technote",
                    "email": "technote.space@gmail.com",
                    "homepage": "https://technote.space"
                }
            ],
            "description": "Wordpress content framework",
            "homepage": "https://github.com/wp-content-framework",
            "keywords": [
                "framework",
                "wordpress"
            ],
            "time": "2019-01-25T07:17:21+00:00"
        },
        {
            "name": "wp-content-framework/presenter",
            "version": "v0.0.3",
            "source": {
                "type": "git",
                "url": "https://github.com/wp-content-framework/presenter.git",
                "reference": "4c73aaf9fd14b101d311c288b99f8dbbe7dc77ee"
            },
            "dist": {
                "type": "zip",
                "url": "https://api.github.com/repos/wp-content-framework/presenter/zipball/4c73aaf9fd14b101d311c288b99f8dbbe7dc77ee",
                "reference": "4c73aaf9fd14b101d311c288b99f8dbbe7dc77ee",
                "shasum": ""
            },
            "require": {
                "matthiasmullie/minify": "^1.3",
                "php": ">=5.6.0",
                "wp-content-framework/core": "~0.0.1"
            },
            "require-dev": {
                "phake/phake": "2.*",
                "phpunit/phpunit": "4.*"
            },
            "type": "library",
            "notification-url": "https://packagist.org/downloads/",
            "license": [
                "GPL-2.0+"
            ],
            "authors": [
                {
                    "name": "technote",
                    "email": "technote.space@gmail.com",
                    "homepage": "https://technote.space"
                }
            ],
            "description": "Wordpress content framework",
            "homepage": "https://github.com/wp-content-framework",
            "keywords": [
                "framework",
                "wordpress"
            ],
            "time": "2019-01-25T07:18:12+00:00"
        },
        {
            "name": "yahnis-elsts/plugin-update-checker",
            "version": "v4.5",
            "source": {
                "type": "git",
                "url": "https://github.com/YahnisElsts/plugin-update-checker.git",
                "reference": "d98d6bc6caac4b46b61186447a947323a466a021"
            },
            "dist": {
                "type": "zip",
                "url": "https://api.github.com/repos/YahnisElsts/plugin-update-checker/zipball/d98d6bc6caac4b46b61186447a947323a466a021",
                "reference": "d98d6bc6caac4b46b61186447a947323a466a021",
                "shasum": ""
            },
            "require": {
                "php": ">=5.2.0"
            },
            "type": "library",
            "autoload": {
                "files": [
                    "plugin-update-checker.php"
                ]
            },
            "notification-url": "https://packagist.org/downloads/",
            "license": [
                "MIT"
            ],
            "authors": [
                {
                    "name": "Yahnis Elsts",
                    "email": "whiteshadow@w-shadow.com",
                    "homepage": "http://w-shadow.com/",
                    "role": "Developer"
                }
            ],
            "description": "A custom update checker for WordPress plugins and themes. Useful if you can't host your plugin in the official WP repository but still want it to support automatic updates.",
            "homepage": "https://github.com/YahnisElsts/plugin-update-checker/",
            "keywords": [
                "automatic updates",
                "plugin updates",
                "theme updates",
                "wordpress"
            ],
            "time": "2018-12-30T10:38:32+00:00"
        }
    ],
    "packages-dev": [],
    "aliases": [],
    "minimum-stability": "stable",
    "stability-flags": [],
    "prefer-stable": false,
    "prefer-lowest": false,
    "platform": [],
    "platform-dev": []
}
